
Microsoft Visual Studio Solution File, Format Version 12.00
# Visual Studio Version 17
VisualStudioVersion = 17.2.32516.85
MinimumVisualStudioVersion = 10.0.40219.1
Project("{FAE04EC0-301F-11D3-BF4B-00C04F79EFBC}") = "OptedApi", "OptedApi.csproj", "{6AB510AA-FDC0-4E5D-B039-952858C338A7}"
EndProject
Global
	GlobalSection(SolutionConfigurationPlatforms) = preSolution
		Debug|Any CPU = Debug|Any CPU
		Release|Any CPU = Release|Any CPU
	EndGlobalSection
	GlobalSection(ProjectConfigurationPlatforms) = postSolution
		{6AB510AA-FDC0-4E5D-B039-952858C338A7}.Debug|Any CPU.ActiveCfg = Debug|Any CPU
		{6AB510AA-FDC0-4E5D-B039-952858C338A7}.Debug|Any CPU.Build.0 = Debug|Any CPU
		{6AB510AA-FDC0-4E5D-B039-952858C338A7}.Release|Any CPU.ActiveCfg = Release|Any CPU
		{6AB510AA-FDC0-4E5D-B039-952858C338A7}.Release|Any CPU.Build.0 = Release|Any CPU
	EndGlobalSection
	GlobalSection(SolutionProperties) = preSolution
		HideSolutionNode = FALSE
	EndGlobalSection
	GlobalSection(ExtensibilityGlobals) = postSolution
		SolutionGuid = {E6C29844-64CF-40B7-858D-DA9778847E95}
	EndGlobalSection
EndGlobal
